
Microsoft Visual Studio Solution File, Format Version 12.00
# Visual Studio Version 16
VisualStudioVersion = 16.0.30114.105
MinimumVisualStudioVersion = 10.0.40219.1
Project("{FAE04EC0-301F-11D3-BF4B-00C04F79EFBC}") = "API", "API\API.csproj", "{2785AAB8-F72A-487C-A618-8C8F346B6881}"
EndProject
Project("{FAE04EC0-301F-11D3-BF4B-00C04F79EFBC}") = "Core", "Core\Core.csproj", "{A8B227DD-C889-4904-BAF2-1BED0A2818FC}"
EndProject
Project("{FAE04EC0-301F-11D3-BF4B-00C04F79EFBC}") = "Infrasturture", "Infrasturture\Infrasturture.csproj", "{0C6A8CA2-7311-4A1A-981A-D6F5D2D68699}"
EndProject
Global
	GlobalSection(SolutionConfigurationPlatforms) = preSolution
		Debug|Any CPU = Debug|Any CPU
		Debug|x64 = Debug|x64
		Debug|x86 = Debug|x86
		Release|Any CPU = Release|Any CPU
		Release|x64 = Release|x64
		Release|x86 = Release|x86
	EndGlobalSection
	GlobalSection(SolutionProperties) = preSolution
		HideSolutionNode = FALSE
	EndGlobalSection
	GlobalSection(ProjectConfigurationPlatforms) = postSolution
		{2785AAB8-F72A-487C-A618-8C8F346B6881}.Debug|Any CPU.ActiveCfg = Debug|Any CPU
		{2785AAB8-F72A-487C-A618-8C8F346B6881}.Debug|Any CPU.Build.0 = Debug|Any CPU
		{2785AAB8-F72A-487C-A618-8C8F346B6881}.Debug|x64.ActiveCfg = Debug|Any CPU
		{2785AAB8-F72A-487C-A618-8C8F346B6881}.Debug|x64.Build.0 = Debug|Any CPU
		{2785AAB8-F72A-487C-A618-8C8F346B6881}.Debug|x86.ActiveCfg = Debug|Any CPU
		{2785AAB8-F72A-487C-A618-8C8F346B6881}.Debug|x86.Build.0 = Debug|Any CPU
		{2785AAB8-F72A-487C-A618-8C8F346B6881}.Release|Any CPU.ActiveCfg = Release|Any CPU
		{2785AAB8-F72A-487C-A618-8C8F346B6881}.Release|Any CPU.Build.0 = Release|Any CPU
		{2785AAB8-F72A-487C-A618-8C8F346B6881}.Release|x64.ActiveCfg = Release|Any CPU
		{2785AAB8-F72A-487C-A618-8C8F346B6881}.Release|x64.Build.0 = Release|Any CPU
		{2785AAB8-F72A-487C-A618-8C8F346B6881}.Release|x86.ActiveCfg = Release|Any CPU
		{2785AAB8-F72A-487C-A618-8C8F346B6881}.Release|x86.Build.0 = Release|Any CPU
		{A8B227DD-C889-4904-BAF2-1BED0A2818FC}.Debug|Any CPU.ActiveCfg = Debug|Any CPU
		{A8B227DD-C889-4904-BAF2-1BED0A2818FC}.Debug|Any CPU.Build.0 = Debug|Any CPU
		{A8B227DD-C889-4904-BAF2-1BED0A2818FC}.Debug|x64.ActiveCfg = Debug|Any CPU
		{A8B227DD-C889-4904-BAF2-1BED0A2818FC}.Debug|x64.Build.0 = Debug|Any CPU
		{A8B227DD-C889-4904-BAF2-1BED0A2818FC}.Debug|x86.ActiveCfg = Debug|Any CPU
		{A8B227DD-C889-4904-BAF2-1BED0A2818FC}.Debug|x86.Build.0 = Debug|Any CPU
		{A8B227DD-C889-4904-BAF2-1BED0A2818FC}.Release|Any CPU.ActiveCfg = Release|Any CPU
		{A8B227DD-C889-4904-BAF2-1BED0A2818FC}.Release|Any CPU.Build.0 = Release|Any CPU
		{A8B227DD-C889-4904-BAF2-1BED0A2818FC}.Release|x64.ActiveCfg = Release|Any CPU
		{A8B227DD-C889-4904-BAF2-1BED0A2818FC}.Release|x64.Build.0 = Release|Any CPU
		{A8B227DD-C889-4904-BAF2-1BED0A2818FC}.Release|x86.ActiveCfg = Release|Any CPU
		{A8B227DD-C889-4904-BAF2-1BED0A2818FC}.Release|x86.Build.0 = Release|Any CPU
		{0C6A8CA2-7311-4A1A-981A-D6F5D2D68699}.Debug|Any CPU.ActiveCfg = Debug|Any CPU
		{0C6A8CA2-7311-4A1A-981A-D6F5D2D68699}.Debug|Any CPU.Build.0 = Debug|Any CPU
		{0C6A8CA2-7311-4A1A-981A-D6F5D2D68699}.Debug|x64.ActiveCfg = Debug|Any CPU
		{0C6A8CA2-7311-4A1A-981A-D6F5D2D68699}.Debug|x64.Build.0 = Debug|Any CPU
		{0C6A8CA2-7311-4A1A-981A-D6F5D2D68699}.Debug|x86.ActiveCfg = Debug|Any CPU
		{0C6A8CA2-7311-4A1A-981A-D6F5D2D68699}.Debug|x86.Build.0 = Debug|Any CPU
		{0C6A8CA2-7311-4A1A-981A-D6F5D2D68699}.Release|Any CPU.ActiveCfg = Release|Any CPU
		{0C6A8CA2-7311-4A1A-981A-D6F5D2D68699}.Release|Any CPU.Build.0 = Release|Any CPU
		{0C6A8CA2-7311-4A1A-981A-D6F5D2D68699}.Release|x64.ActiveCfg = Release|Any CPU
		{0C6A8CA2-7311-4A1A-981A-D6F5D2D68699}.Release|x64.Build.0 = Release|Any CPU
		{0C6A8CA2-7311-4A1A-981A-D6F5D2D68699}.Release|x86.ActiveCfg = Release|Any CPU
		{0C6A8CA2-7311-4A1A-981A-D6F5D2D68699}.Release|x86.Build.0 = Release|Any CPU
	EndGlobalSection
EndGlobal
